
Microsoft Visual Studio Solution File, Format Version 12.00
# Visual Studio Version 16
VisualStudioVersion = 16.0.29609.76
MinimumVisualStudioVersion = 10.0.40219.1
Project("{2150E333-8FDC-42A3-9474-1A3956D46DE8}") = "src", "src", "{028F0BBE-721A-4CF9-9811-8F97CFD5CD6C}"
EndProject
Project("{9A19103F-16F7-4668-BE54-9A1E7A4F7556}") = "FileStorage.WebApi", "src\FileStorage.WebApi\FileStorage.WebApi.csproj", "{D62F6992-EA5D-4F73-B9D6-91707AC8F29D}"
EndProject
Project("{9A19103F-16F7-4668-BE54-9A1E7A4F7556}") = "FileStorage.Test.Console", "src\FileStorage.Test.Console\FileStorage.Test.Console.csproj", "{434276C7-04A8-4BA5-9D2F-0BD88E73BB5B}"
EndProject
Global
	GlobalSection(SolutionConfigurationPlatforms) = preSolution
		Debug|Any CPU = Debug|Any CPU
		Release|Any CPU = Release|Any CPU
	EndGlobalSection
	GlobalSection(ProjectConfigurationPlatforms) = postSolution
		{D62F6992-EA5D-4F73-B9D6-91707AC8F29D}.Debug|Any CPU.ActiveCfg = Debug|Any CPU
		{D62F6992-EA5D-4F73-B9D6-91707AC8F29D}.Debug|Any CPU.Build.0 = Debug|Any CPU
		{D62F6992-EA5D-4F73-B9D6-91707AC8F29D}.Release|Any CPU.ActiveCfg = Release|Any CPU
		{D62F6992-EA5D-4F73-B9D6-91707AC8F29D}.Release|Any CPU.Build.0 = Release|Any CPU
		{434276C7-04A8-4BA5-9D2F-0BD88E73BB5B}.Debug|Any CPU.ActiveCfg = Debug|Any CPU
		{434276C7-04A8-4BA5-9D2F-0BD88E73BB5B}.Debug|Any CPU.Build.0 = Debug|Any CPU
		{434276C7-04A8-4BA5-9D2F-0BD88E73BB5B}.Release|Any CPU.ActiveCfg = Release|Any CPU
		{434276C7-04A8-4BA5-9D2F-0BD88E73BB5B}.Release|Any CPU.Build.0 = Release|Any CPU
	EndGlobalSection
	GlobalSection(SolutionProperties) = preSolution
		HideSolutionNode = FALSE
	EndGlobalSection
	GlobalSection(NestedProjects) = preSolution
		{D62F6992-EA5D-4F73-B9D6-91707AC8F29D} = {028F0BBE-721A-4CF9-9811-8F97CFD5CD6C}
		{434276C7-04A8-4BA5-9D2F-0BD88E73BB5B} = {028F0BBE-721A-4CF9-9811-8F97CFD5CD6C}
	EndGlobalSection
	GlobalSection(ExtensibilityGlobals) = postSolution
		SolutionGuid = {C327CC76-690D-463A-9E8F-606715F104AC}
	EndGlobalSection
EndGlobal
